// !$*UTF8*$!
{
	archiveVersion = 1;
	classes = {
	};
	objectVersion = 56;
	objects = {

/* Begin PBXBuildFile section */
		BD4204922C18D18900561AE5 /* ThirdView.swift in Sources */ = {isa = PBXBuildFile; fileRef = BD4204912C18D18900561AE5 /* ThirdView.swift */; };
		BD4204962C18DA9D00561AE5 /* SecondBreakView.swift in Sources */ = {isa = PBXBuildFile; fileRef = BD4204952C18DA9D00561AE5 /* SecondBreakView.swift */; };
		BD78D1CE2C18CD79006889AB /* ForRealAppTimerApp.swift in Sources */ = {isa = PBXBuildFile; fileRef = BD78D1CD2C18CD79006889AB /* ForRealAppTimerApp.swift */; };
		BD78D1D02C18CD79006889AB /* ContentView.swift in Sources */ = {isa = PBXBuildFile; fileRef = BD78D1CF2C18CD79006889AB /* ContentView.swift */; };
		BD78D1D22C18CD7B006889AB /* Assets.xcassets in Resources */ = {isa = PBXBuildFile; fileRef = BD78D1D12C18CD7B006889AB /* Assets.xcassets */; };
		BD78D1D52C18CD7B006889AB /* Preview Assets.xcassets in Resources */ = {isa = PBXBuildFile; fileRef = BD78D1D42C18CD7B006889AB /* Preview Assets.xcassets */; };
		BD78D1DC2C18CFE9006889AB /* SecondView.swift in Sources */ = {isa = PBXBuildFile; fileRef = BD78D1DB2C18CFE9006889AB /* SecondView.swift */; };
		BDFAB1BA2C19FB1000E56B40 /* ThirdBreakView.swift in Sources */ = {isa = PBXBuildFile; fileRef = BDFAB1B92C19FB1000E56B40 /* ThirdBreakView.swift */; };
		BDFAB1BC2C1A1A0800E56B40 /* FourthView.swift in Sources */ = {isa = PBXBuildFile; fileRef = BDFAB1BB2C1A1A0800E56B40 /* FourthView.swift */; };
/* End PBXBuildFile section */

/* Begin PBXFileReference section */
		BD4204912C18D18900561AE5 /* ThirdView.swift */ = {isa = PBXFileReference; lastKnownFileType = sourcecode.swift; path = ThirdView.swift; sourceTree = "<group>"; };
		BD4204952C18DA9D00561AE5 /* SecondBreakView.swift */ = {isa = PBXFileReference; lastKnownFileType = sourcecode.swift; path = SecondBreakView.swift; sourceTree = "<group>"; };
		BD78D1CA2C18CD79006889AB /* ForRealAppTimer.app */ = {isa = PBXFileReference; explicitFileType = wrapper.application; includeInIndex = 0; path = ForRealAppTimer.app; sourceTree = BUILT_PRODUCTS_DIR; };
		BD78D1CD2C18CD79006889AB /* ForRealAppTimerApp.swift */ = {isa = PBXFileReference; lastKnownFileType = sourcecode.swift; path = ForRealAppTimerApp.swift; sourceTree = "<group>"; };
		BD78D1CF2C18CD79006889AB /* ContentView.swift */ = {isa = PBXFileReference; lastKnownFileType = sourcecode.swift; path = ContentView.swift; sourceTree = "<group>"; };
		BD78D1D12C18CD7B006889AB /* Assets.xcassets */ = {isa = PBXFileReference; lastKnownFileType = folder.assetcatalog; path = Assets.xcassets; sourceTree = "<group>"; };
		BD78D1D42C18CD7B006889AB /* Preview Assets.xcassets */ = {isa = PBXFileReference; lastKnownFileType = folder.assetcatalog; path = "Preview Assets.xcassets"; sourceTree = "<group>"; };
		BD78D1DB2C18CFE9006889AB /* SecondView.swift */ = {isa = PBXFileReference; lastKnownFileType = sourcecode.swift; path = SecondView.swift; sourceTree = "<group>"; };
		BDFAB1B92C19FB1000E56B40 /* ThirdBreakView.swift */ = {isa = PBXFileReference; lastKnownFileType = sourcecode.swift; path = ThirdBreakView.swift; sourceTree = "<group>"; };
		BDFAB1BB2C1A1A0800E56B40 /* FourthView.swift */ = {isa = PBXFileReference; lastKnownFileType = sourcecode.swift; path = FourthView.swift; sourceTree = "<group>"; };
/* End PBXFileReference section */

/* Begin PBXFrameworksBuildPhase section */
		BD78D1C72C18CD79006889AB /* Frameworks */ = {
			isa = PBXFrameworksBuildPhase;
			buildActionMask = 2147483647;
			files = (
			);
			runOnlyForDeploymentPostprocessing = 0;
		};
/* End PBXFrameworksBuildPhase section */

/* Begin PBXGroup section */
		BD78D1C12C18CD79006889AB = {
			isa = PBXGroup;
			children = (
				BD78D1CC2C18CD79006889AB /* ForRealAppTimer */,
				BD78D1CB2C18CD79006889AB /* Products */,
			);
			sourceTree = "<group>";
		};
		BD78D1CB2C18CD79006889AB /* Products */ = {
			isa = PBXGroup;
			children = (
				BD78D1CA2C18CD79006889AB /* ForRealAppTimer.app */,
			);
			name = Products;
			sourceTree = "<group>";
		};
		BD78D1CC2C18CD79006889AB /* ForRealAppTimer */ = {
			isa = PBXGroup;
			children = (
				BD78D1CD2C18CD79006889AB /* ForRealAppTimerApp.swift */,
				BD78D1CF2C18CD79006889AB /* ContentView.swift */,
				BD78D1DB2C18CFE9006889AB /* SecondView.swift */,
				BD4204952C18DA9D00561AE5 /* SecondBreakView.swift */,
				BDFAB1B92C19FB1000E56B40 /* ThirdBreakView.swift */,
				BD4204912C18D18900561AE5 /* ThirdView.swift */,
				BDFAB1BB2C1A1A0800E56B40 /* FourthView.swift */,
				BD78D1D12C18CD7B006889AB /* Assets.xcassets */,
				BD78D1D32C18CD7B006889AB /* Preview Content */,
			);
			path = ForRealAppTimer;
			sourceTree = "<group>";
		};
		BD78D1D32C18CD7B006889AB /* Preview Content */ = {
			isa = PBXGroup;
			children = (
				BD78D1D42C18CD7B006889AB /* Preview Assets.xcassets */,
			);
			path = "Preview Content";
			sourceTree = "<group>";
		};
/* End PBXGroup section */

/* Begin PBXNativeTarget section */
		BD78D1C92C18CD79006889AB /* ForRealAppTimer */ = {
			isa = PBXNativeTarget;
			buildConfigurationList = BD78D1D82C18CD7B006889AB /* Build configuration list for PBXNativeTarget "ForRealAppTimer" */;
			buildPhases = (
				BD78D1C62C18CD79006889AB /* Sources */,
				BD78D1C72C18CD79006889AB /* Frameworks */,
				BD78D1C82C18CD79006889AB /* Resources */,
			);
			buildRules = (
			);
			dependencies = (
			);
			name = ForRealAppTimer;
			productName = ForRealAppTimer;
			productReference = BD78D1CA2C18CD79006889AB /* ForRealAppTimer.app */;
			productType = "com.apple.product-type.application";
		};
/* End PBXNativeTarget section */

/* Begin PBXProject section */
		BD78D1C22C18CD79006889AB /* Project object */ = {
			isa = PBXProject;
			attributes = {
				BuildIndependentTargetsInParallel = 1;
				LastSwiftUpdateCheck = 1540;
				LastUpgradeCheck = 1540;
				TargetAttributes = {
					BD78D1C92C18CD79006889AB = {
						CreatedOnToolsVersion = 15.4;
					};
				};
			};
			buildConfigurationList = BD78D1C52C18CD79006889AB /* Build configuration list for PBXProject "ForRealAppTimer" */;
			compatibilityVersion = "Xcode 14.0";
			developmentRegion = en;
			hasScannedForEncodings = 0;
			knownRegions = (
				en,
				Base,
			);
			mainGroup = BD78D1C12C18CD79006889AB;
			productRefGroup = BD78D1CB2C18CD79006889AB /* Products */;
			projectDirPath = "";
			projectRoot = "";
			targets = (
				BD78D1C92C18CD79006889AB /* ForRealAppTimer */,
			);
		};
/* End PBXProject section */

/* Begin PBXResourcesBuildPhase section */
		BD78D1C82C18CD79006889AB /* Resources */ = {
			isa = PBXResourcesBuildPhase;
			buildActionMask = 2147483647;
			files = (
				BD78D1D52C18CD7B006889AB /* Preview Assets.xcassets in Resources */,
				BD78D1D22C18CD7B006889AB /* Assets.xcassets in Resources */,
			);
			runOnlyForDeploymentPostprocessing = 0;
		};
/* End PBXResourcesBuildPhase section */

/* Begin PBXSourcesBuildPhase section */
		BD78D1C62C18CD79006889AB /* Sources */ = {
			isa = PBXSourcesBuildPhase;
			buildActionMask = 2147483647;
			files = (
				BD4204922C18D18900561AE5 /* ThirdView.swift in Sources */,
				BDFAB1BA2C19FB1000E56B40 /* ThirdBreakView.swift in Sources */,
				BD78D1DC2C18CFE9006889AB /* SecondView.swift in Sources */,
				BD4204962C18DA9D00561AE5 /* SecondBreakView.swift in Sources */,
				BDFAB1BC2C1A1A0800E56B40 /* FourthView.swift in Sources */,
				BD78D1D02C18CD79006889AB /* ContentView.swift in Sources */,
				BD78D1CE2C18CD79006889AB /* ForRealAppTimerApp.swift in Sources */,
			);
			runOnlyForDeploymentPostprocessing = 0;
		};
/* End PBXSourcesBuildPhase section */

/* Begin XCBuildConfiguration section */
		BD78D1D62C18CD7B006889AB /* Debug */ = {
			isa = XCBuildConfiguration;
			buildSettings = {
				ALWAYS_SEARCH_USER_PATHS = NO;
				ASSETCATALOG_COMPILER_GENERATE_SWIFT_ASSET_SYMBOL_EXTENSIONS = YES;
				CLANG_ANALYZER_NONNULL = YES;
				CLANG_ANALYZER_NUMBER_OBJECT_CONVERSION = YES_AGGRESSIVE;
				CLANG_CXX_LANGUAGE_STANDARD = "gnu++20";
				CLANG_ENABLE_MODULES = YES;
				CLANG_ENABLE_OBJC_ARC = YES;
				CLANG_ENABLE_OBJC_WEAK = YES;
				CLANG_WARN_BLOCK_CAPTURE_AUTORELEASING = YES;
				CLANG_WARN_BOOL_CONVERSION = YES;
				CLANG_WARN_COMMA = YES;
				CLANG_WARN_CONSTANT_CONVERSION = YES;
				CLANG_WARN_DEPRECATED_OBJC_IMPLEMENTATIONS = YES;
				CLANG_WARN_DIRECT_OBJC_ISA_USAGE = YES_ERROR;
				CLANG_WARN_DOCUMENTATION_COMMENTS = YES;
				CLANG_WARN_EMPTY_BODY = YES;
				CLANG_WARN_ENUM_CONVERSION = YES;
				CLANG_WARN_INFINITE_RECURSION = YES;
				CLANG_WARN_INT_CONVERSION = YES;
				CLANG_WARN_NON_LITERAL_NULL_CONVERSION = YES;
				CLANG_WARN_OBJC_IMPLICIT_RETAIN_SELF = YES;
				CLANG_WARN_OBJC_LITERAL_CONVERSION = YES;
				CLANG_WARN_OBJC_ROOT_CLASS = YES_ERROR;
				CLANG_WARN_QUOTED_INCLUDE_IN_FRAMEWORK_HEADER = YES;
				CLANG_WARN_RANGE_LOOP_ANALYSIS = YES;
				CLANG_WARN_STRICT_PROTOTYPES = YES;
				CLANG_WARN_SUSPICIOUS_MOVE = YES;
				CLANG_WARN_UNGUARDED_AVAILABILITY = YES_AGGRESSIVE;
				CLANG_WARN_UNREACHABLE_CODE = YES;
				CLANG_WARN__DUPLICATE_METHOD_MATCH = YES;
				COPY_PHASE_STRIP = NO;
				DEBUG_INFORMATION_FORMAT = dwarf;
				ENABLE_STRICT_OBJC_MSGSEND = YES;
				ENABLE_TESTABILITY = YES;
				ENABLE_USER_SCRIPT_SANDBOXING = YES;
				GCC_C_LANGUAGE_STANDARD = gnu17;
				GCC_DYNAMIC_NO_PIC = NO;
				GCC_NO_COMMON_BLOCKS = YES;
				GCC_OPTIMIZATION_LEVEL = 0;
				GCC_PREPROCESSOR_DEFINITIONS = (
					"DEBUG=1",
					"$(inherited)",
				);
				GCC_WARN_64_TO_32_BIT_CONVERSION = YES;
				GCC_WARN_ABOUT_RETURN_TYPE = YES_ERROR;
				GCC_WARN_UNDECLARED_SELECTOR = YES;
				GCC_WARN_UNINITIALIZED_AUTOS = YES_AGGRESSIVE;
				GCC_WARN_UNUSED_FUNCTION = YES;
				GCC_WARN_UNUSED_VARIABLE = YES;
				IPHONEOS_DEPLOYMENT_TARGET = 17.5;
				LOCALIZATION_PREFERS_STRING_CATALOGS = YES;
				MTL_ENABLE_DEBUG_INFO = INCLUDE_SOURCE;
				MTL_FAST_MATH = YES;
				ONLY_ACTIVE_ARCH = YES;
				SDKROOT = iphoneos;
				SWIFT_ACTIVE_COMPILATION_CONDITIONS = "DEBUG $(inherited)";
				SWIFT_OPTIMIZATION_LEVEL = "-Onone";
			};
			name = Debug;
		};
		BD78D1D72C18CD7B006889AB /* Release */ = {
			isa = XCBuildConfiguration;
			buildSettings = {
				ALWAYS_SEARCH_USER_PATHS = NO;
				ASSETCATALOG_COMPILER_GENERATE_SWIFT_ASSET_SYMBOL_EXTENSIONS = YES;
				CLANG_ANALYZER_NONNULL = YES;
				CLANG_ANALYZER_NUMBER_OBJECT_CONVERSION = YES_AGGRESSIVE;
				CLANG_CXX_LANGUAGE_STANDARD = "gnu++20";
				CLANG_ENABLE_MODULES = YES;
				CLANG_ENABLE_OBJC_ARC = YES;
				CLANG_ENABLE_OBJC_WEAK = YES;
				CLANG_WARN_BLOCK_CAPTURE_AUTORELEASING = YES;
				CLANG_WARN_BOOL_CONVERSION = YES;
				CLANG_WARN_COMMA = YES;
				CLANG_WARN_CONSTANT_CONVERSION = YES;
				CLANG_WARN_DEPRECATED_OBJC_IMPLEMENTATIONS = YES;
				CLANG_WARN_DIRECT_OBJC_ISA_USAGE = YES_ERROR;
				CLANG_WARN_DOCUMENTATION_COMMENTS = YES;
				CLANG_WARN_EMPTY_BODY = YES;
				CLANG_WARN_ENUM_CONVERSION = YES;
				CLANG_WARN_INFINITE_RECURSION = YES;
				CLANG_WARN_INT_CONVERSION = YES;
				CLANG_WARN_NON_LITERAL_NULL_CONVERSION = YES;
				CLANG_WARN_OBJC_IMPLICIT_RETAIN_SELF = YES;
				CLANG_WARN_OBJC_LITERAL_CONVERSION = YES;
				CLANG_WARN_OBJC_ROOT_CLASS = YES_ERROR;
				CLANG_WARN_QUOTED_INCLUDE_IN_FRAMEWORK_HEADER = YES;
				CLANG_WARN_RANGE_LOOP_ANALYSIS = YES;
				CLANG_WARN_STRICT_PROTOTYPES = YES;
				CLANG_WARN_SUSPICIOUS_MOVE = YES;
				CLANG_WARN_UNGUARDED_AVAILABILITY = YES_AGGRESSIVE;
				CLANG_WARN_UNREACHABLE_CODE = YES;
				CLANG_WARN__DUPLICATE_METHOD_MATCH = YES;
				COPY_PHASE_STRIP = NO;
				DEBUG_INFORMATION_FORMAT = "dwarf-with-dsym";
				ENABLE_NS_ASSERTIONS = NO;
				ENABLE_STRICT_OBJC_MSGSEND = YES;
				ENABLE_USER_SCRIPT_SANDBOXING = YES;
				GCC_C_LANGUAGE_STANDARD = gnu17;
				GCC_NO_COMMON_BLOCKS = YES;
				GCC_WARN_64_TO_32_BIT_CONVERSION = YES;
				GCC_WARN_ABOUT_RETURN_TYPE = YES_ERROR;
				GCC_WARN_UNDECLARED_SELECTOR = YES;
				GCC_WARN_UNINITIALIZED_AUTOS = YES_AGGRESSIVE;
				GCC_WARN_UNUSED_FUNCTION = YES;
				GCC_WARN_UNUSED_VARIABLE = YES;
				IPHONEOS_DEPLOYMENT_TARGET = 17.5;
				LOCALIZATION_PREFERS_STRING_CATALOGS = YES;
				MTL_ENABLE_DEBUG_INFO = NO;
				MTL_FAST_MATH = YES;
				SDKROOT = iphoneos;
				SWIFT_COMPILATION_MODE = wholemodule;
				VALIDATE_PRODUCT = YES;
			};
			name = Release;
		};
		BD78D1D92C18CD7B006889AB /* Debug */ = {
			isa = XCBuildConfiguration;
			buildSettings = {
				ASSETCATALOG_COMPILER_APPICON_NAME = AppIcon;
				ASSETCATALOG_COMPILER_GLOBAL_ACCENT_COLOR_NAME = AccentColor;
				CODE_SIGN_STYLE = Automatic;
				CURRENT_PROJECT_VERSION = 1;
				DEVELOPMENT_ASSET_PATHS = "\"ForRealAppTimer/Preview Content\"";
				ENABLE_PREVIEWS = YES;
				GENERATE_INFOPLIST_FILE = YES;
				INFOPLIST_KEY_UIApplicationSceneManifest_Generation = YES;
				INFOPLIST_KEY_UIApplicationSupportsIndirectInputEvents = YES;
				INFOPLIST_KEY_UILaunchScreen_Generation = YES;
				INFOPLIST_KEY_UISupportedInterfaceOrientations_iPad = "UIInterfaceOrientationPortrait UIInterfaceOrientationPortraitUpsideDown UIInterfaceOrientationLandscapeLeft UIInterfaceOrientationLandscapeRight";
				INFOPLIST_KEY_UISupportedInterfaceOrientations_iPhone = "UIInterfaceOrientationPortrait UIInterfaceOrientationLandscapeLeft UIInterfaceOrientationLandscapeRight";
				LD_RUNPATH_SEARCH_PATHS = (
					"$(inherited)",
					"@executable_path/Frameworks",
				);
				MARKETING_VERSION = 1.0;
				PRODUCT_BUNDLE_IDENTIFIER = kwk.ForRealAppTimer;
				PRODUCT_NAME = "$(TARGET_NAME)";
				SWIFT_EMIT_LOC_STRINGS = YES;
				SWIFT_VERSION = 5.0;
				TARGETED_DEVICE_FAMILY = "1,2";
			};
			name = Debug;
		};
		BD78D1DA2C18CD7B006889AB /* Release */ = {
			isa = XCBuildConfiguration;
			buildSettings = {
				ASSETCATALOG_COMPILER_APPICON_NAME = AppIcon;
				ASSETCATALOG_COMPILER_GLOBAL_ACCENT_COLOR_NAME = AccentColor;
				CODE_SIGN_STYLE = Automatic;
				CURRENT_PROJECT_VERSION = 1;
				DEVELOPMENT_ASSET_PATHS = "\"ForRealAppTimer/Preview Content\"";
				ENABLE_PREVIEWS = YES;
				GENERATE_INFOPLIST_FILE = YES;
				INFOPLIST_KEY_UIApplicationSceneManifest_Generation = YES;
				INFOPLIST_KEY_UIApplicationSupportsIndirectInputEvents = YES;
				INFOPLIST_KEY_UILaunchScreen_Generation = YES;
				INFOPLIST_KEY_UISupportedInterfaceOrientations_iPad = "UIInterfaceOrientationPortrait UIInterfaceOrientationPortraitUpsideDown UIInterfaceOrientationLandscapeLeft UIInterfaceOrientationLandscapeRight";
				INFOPLIST_KEY_UISupportedInterfaceOrientations_iPhone = "UIInterfaceOrientationPortrait UIInterfaceOrientationLandscapeLeft UIInterfaceOrientationLandscapeRight";
				LD_RUNPATH_SEARCH_PATHS = (
					"$(inherited)",
					"@executable_path/Frameworks",
				);
				MARKETING_VERSION = 1.0;
				PRODUCT_BUNDLE_IDENTIFIER = kwk.ForRealAppTimer;
				PRODUCT_NAME = "$(TARGET_NAME)";
				SWIFT_EMIT_LOC_STRINGS = YES;
				SWIFT_VERSION = 5.0;
				TARGETED_DEVICE_FAMILY = "1,2";
			};
			name = Release;
		};
/* End XCBuildConfiguration section */

/* Begin XCConfigurationList section */
		BD78D1C52C18CD79006889AB /* Build configuration list for PBXProject "ForRealAppTimer" */ = {
			isa = XCConfigurationList;
			buildConfigurations = (
				BD78D1D62C18CD7B006889AB /* Debug */,
				BD78D1D72C18CD7B006889AB /* Release */,
			);
			defaultConfigurationIsVisible = 0;
			defaultConfigurationName = Release;
		};
		BD78D1D82C18CD7B006889AB /* Build configuration list for PBXNativeTarget "ForRealAppTimer" */ = {
			isa = XCConfigurationList;
			buildConfigurations = (
				BD78D1D92C18CD7B006889AB /* Debug */,
				BD78D1DA2C18CD7B006889AB /* Release */,
			);
			defaultConfigurationIsVisible = 0;
			defaultConfigurationName = Release;
		};
/* End XCConfigurationList section */
	};
	rootObject = BD78D1C22C18CD79006889AB /* Project object */;
}
